
Microsoft Visual Studio Solution File, Format Version 12.00
# Visual Studio Version 17
VisualStudioVersion = 17.7.34024.191
MinimumVisualStudioVersion = 10.0.40219.1
Project("{FAE04EC0-301F-11D3-BF4B-00C04F79EFBC}") = "WinPE Tool", "WinPE Tool.csproj", "{3E5281FC-B9B9-41AE-A622-25F88C4BBC08}"
EndProject
Global
	GlobalSection(SolutionConfigurationPlatforms) = preSolution
		Debug|Any CPU = Debug|Any CPU
		Release|Any CPU = Release|Any CPU
	EndGlobalSection
	GlobalSection(ProjectConfigurationPlatforms) = postSolution
		{3E5281FC-B9B9-41AE-A622-25F88C4BBC08}.Debug|Any CPU.ActiveCfg = Release|Any CPU
		{3E5281FC-B9B9-41AE-A622-25F88C4BBC08}.Debug|Any CPU.Build.0 = Release|Any CPU
		{3E5281FC-B9B9-41AE-A622-25F88C4BBC08}.Release|Any CPU.ActiveCfg = Release|Any CPU
		{3E5281FC-B9B9-41AE-A622-25F88C4BBC08}.Release|Any CPU.Build.0 = Release|Any CPU
	EndGlobalSection
	GlobalSection(SolutionProperties) = preSolution
		HideSolutionNode = FALSE
	EndGlobalSection
	GlobalSection(ExtensibilityGlobals) = postSolution
		SolutionGuid = {3DAE56EC-4C8A-4C0D-B6F8-73C302828AA7}
	EndGlobalSection
EndGlobal
